PODS:
  - GoogleMaps (3.9.0):
    - GoogleMaps/Maps (= 3.9.0)
  - GoogleMaps/Base (3.9.0)
  - GoogleMaps/Maps (3.9.0):
    - GoogleMaps/Base

DEPENDENCIES:
  - GoogleMaps (= 3.9.0)

SPEC REPOS:
  https://github.com/CocoaPods/Specs.git:
    - GoogleMaps

SPEC CHECKSUMS:
  GoogleMaps: 4b5346bddfe6911bb89155d43c903020170523ac

PODFILE CHECKSUM: 65774e244d76cf3b206f3c44d0fbdc41bed33735

COCOAPODS: 1.10.1
